
Microsoft Visual Studio Solution File, Format Version 12.00
# Visual Studio 15
VisualStudioVersion = 15.0.28010.0
MinimumVisualStudioVersion = 10.0.40219.1
Project("{FAE04EC0-301F-11D3-BF4B-00C04F79EFBC}") = "ConsoleApp10", "ConsoleApp10\ConsoleApp10.csproj", "{59197319-EE13-4AEF-B6F7-D5D4C599B30E}"
EndProject
Global
	GlobalSection(SolutionConfigurationPlatforms) = preSolution
		Debug|Any CPU = Debug|Any CPU
		Release|Any CPU = Release|Any CPU
	EndGlobalSection
	GlobalSection(ProjectConfigurationPlatforms) = postSolution
		{59197319-EE13-4AEF-B6F7-D5D4C599B30E}.Debug|Any CPU.ActiveCfg = Debug|Any CPU
		{59197319-EE13-4AEF-B6F7-D5D4C599B30E}.Debug|Any CPU.Build.0 = Debug|Any CPU
		{59197319-EE13-4AEF-B6F7-D5D4C599B30E}.Release|Any CPU.ActiveCfg = Release|Any CPU
		{59197319-EE13-4AEF-B6F7-D5D4C599B30E}.Release|Any CPU.Build.0 = Release|Any CPU
	EndGlobalSection
	GlobalSection(SolutionProperties) = preSolution
		HideSolutionNode = FALSE
	EndGlobalSection
	GlobalSection(ExtensibilityGlobals) = postSolution
		SolutionGuid = {751CB271-B32A-4CBB-9231-57911D084A11}
	EndGlobalSection
EndGlobal
